
Microsoft Visual Studio Solution File, Format Version 12.00
# Visual Studio 14
VisualStudioVersion = 14.0.24720.0
MinimumVisualStudioVersion = 10.0.40219.1
Project("{FAE04EC0-301F-11D3-BF4B-00C04F79EFBC}") = "inventorySystem.Web", "inventorySystem.Web\inventorySystem.Web.csproj", "{638CA5F3-4191-4C2A-B186-9A1374CB923F}"
EndProject
Project("{FAE04EC0-301F-11D3-BF4B-00C04F79EFBC}") = "inventorySystem.Tests", "inventorySystem.Tests\inventorySystem.Tests.csproj", "{3C028D48-2AF1-4794-8FBC-4EF672E8627A}"
EndProject
Project("{FAE04EC0-301F-11D3-BF4B-00C04F79EFBC}") = "inventorySyctem.Services", "InventorySyctem.Services\inventorySyctem.Services.csproj", "{C463C9C7-B841-46EC-B36C-2A80F2DCE75B}"
EndProject
Project("{FAE04EC0-301F-11D3-BF4B-00C04F79EFBC}") = "inventorySystem.Client", "InventorySystem.Client\inventorySystem.Client.csproj", "{FBFC03EA-CAEE-45C1-8F98-EB8E3318DF59}"
EndProject
Global
	GlobalSection(SolutionConfigurationPlatforms) = preSolution
		Debug|Any CPU = Debug|Any CPU
		Release|Any CPU = Release|Any CPU
	EndGlobalSection
	GlobalSection(ProjectConfigurationPlatforms) = postSolution
		{638CA5F3-4191-4C2A-B186-9A1374CB923F}.Debug|Any CPU.ActiveCfg = Debug|Any CPU
		{638CA5F3-4191-4C2A-B186-9A1374CB923F}.Debug|Any CPU.Build.0 = Debug|Any CPU
		{638CA5F3-4191-4C2A-B186-9A1374CB923F}.Release|Any CPU.ActiveCfg = Release|Any CPU
		{638CA5F3-4191-4C2A-B186-9A1374CB923F}.Release|Any CPU.Build.0 = Release|Any CPU
		{3C028D48-2AF1-4794-8FBC-4EF672E8627A}.Debug|Any CPU.ActiveCfg = Debug|Any CPU
		{3C028D48-2AF1-4794-8FBC-4EF672E8627A}.Debug|Any CPU.Build.0 = Debug|Any CPU
		{3C028D48-2AF1-4794-8FBC-4EF672E8627A}.Release|Any CPU.ActiveCfg = Release|Any CPU
		{3C028D48-2AF1-4794-8FBC-4EF672E8627A}.Release|Any CPU.Build.0 = Release|Any CPU
		{C463C9C7-B841-46EC-B36C-2A80F2DCE75B}.Debug|Any CPU.ActiveCfg = Debug|Any CPU
		{C463C9C7-B841-46EC-B36C-2A80F2DCE75B}.Debug|Any CPU.Build.0 = Debug|Any CPU
		{C463C9C7-B841-46EC-B36C-2A80F2DCE75B}.Release|Any CPU.ActiveCfg = Release|Any CPU
		{C463C9C7-B841-46EC-B36C-2A80F2DCE75B}.Release|Any CPU.Build.0 = Release|Any CPU
		{FBFC03EA-CAEE-45C1-8F98-EB8E3318DF59}.Debug|Any CPU.ActiveCfg = Debug|Any CPU
		{FBFC03EA-CAEE-45C1-8F98-EB8E3318DF59}.Debug|Any CPU.Build.0 = Debug|Any CPU
		{FBFC03EA-CAEE-45C1-8F98-EB8E3318DF59}.Release|Any CPU.ActiveCfg = Release|Any CPU
		{FBFC03EA-CAEE-45C1-8F98-EB8E3318DF59}.Release|Any CPU.Build.0 = Release|Any CPU
	EndGlobalSection
	GlobalSection(SolutionProperties) = preSolution
		HideSolutionNode = FALSE
	EndGlobalSection
EndGlobal
